
Microsoft Visual Studio Solution File, Format Version 12.00
# Visual Studio Version 17
VisualStudioVersion = 17.4.33403.182
MinimumVisualStudioVersion = 10.0.40219.1
Project("{9A19103F-16F7-4668-BE54-9A1E7A4F7556}") = "ServerTrade", "ServerTrade\ServerTrade.csproj", "{B4EDC75E-2173-49C9-B507-DB04DA3005F9}"
EndProject
Global
	GlobalSection(SolutionConfigurationPlatforms) = preSolution
		Debug|Any CPU = Debug|Any CPU
		Release|Any CPU = Release|Any CPU
	EndGlobalSection
	GlobalSection(ProjectConfigurationPlatforms) = postSolution
		{B4EDC75E-2173-49C9-B507-DB04DA3005F9}.Debug|Any CPU.ActiveCfg = Debug|Any CPU
		{B4EDC75E-2173-49C9-B507-DB04DA3005F9}.Debug|Any CPU.Build.0 = Debug|Any CPU
		{B4EDC75E-2173-49C9-B507-DB04DA3005F9}.Release|Any CPU.ActiveCfg = Release|Any CPU
		{B4EDC75E-2173-49C9-B507-DB04DA3005F9}.Release|Any CPU.Build.0 = Release|Any CPU
	EndGlobalSection
	GlobalSection(SolutionProperties) = preSolution
		HideSolutionNode = FALSE
	EndGlobalSection
	GlobalSection(ExtensibilityGlobals) = postSolution
		SolutionGuid = {87FFB34B-D638-40BD-8836-1233C7121AED}
	EndGlobalSection
EndGlobal
